# This file is generated by running "yarn install" inside your project.
# Manual changes might be lost - proceed with caution!

__metadata:
  version: 6
  cacheKey: 8

"@discordjs/builders@npm:^0.11.0":
  version: 0.11.0
  resolution: "@discordjs/builders@npm:0.11.0"
  dependencies:
    "@sindresorhus/is": ^4.2.0
    discord-api-types: ^0.26.0
    ts-mixer: ^6.0.0
    tslib: ^2.3.1
    zod: ^3.11.6
  checksum: 7a25b59bb52d2e3695bca27946a99cf2de95b7edd5be424ea9f4707a465524be21263e25e532e12438e99f9f55fb98b033885c760aeb96424b8c12f663f50760
  languageName: node
  linkType: hard

"@discordjs/builders@npm:^0.13.0":
  version: 0.13.0
  resolution: "@discordjs/builders@npm:0.13.0"
  dependencies:
    "@sapphire/shapeshift": ^2.0.0
    "@sindresorhus/is": ^4.6.0
    discord-api-types: ^0.31.1
    fast-deep-equal: ^3.1.3
    ts-mixer: ^6.0.1
    tslib: ^2.3.1
  checksum: 1bce798b8f36b5abb09d8d42a660a5da6a9352ada03e0819d08ae6c98d4d8a556ed86485e252e53c448a40d17bf0d685e7f88f333db76f5b6b3bd562b9759d7c
  languageName: node
  linkType: hard

"@discordjs/collection@npm:^0.4.0":
  version: 0.4.0
  resolution: "@discordjs/collection@npm:0.4.0"
  checksum: fa8fc4246921f3230eb6c5d6d4dc0caf9dd659fcc903175944edf4fb0a9ed9913fdf164733d3f1e644ef469bc79b0d38a526ee620b92169cb40e79b40b0c716b
  languageName: node
  linkType: hard

"@discordjs/collection@npm:^0.7.0-dev":
  version: 0.7.0-dev.1650672508-3617093
  resolution: "@discordjs/collection@npm:0.7.0-dev.1650672508-3617093"
  checksum: d6af5b88210170ddee8f1c0e3da711ec4633e92b644b60ac24a24544e0aa2fb735e5ec5bdfc79e4f0f7199a1498aa70af58ab1e6d4848a94a32b89db64a0662e
  languageName: node
  linkType: hard

"@discordjs/rest@npm:^0.4.1":
  version: 0.4.1
  resolution: "@discordjs/rest@npm:0.4.1"
  dependencies:
    "@discordjs/collection": ^0.7.0-dev
    "@sapphire/async-queue": ^1.3.1
    "@sapphire/snowflake": ^3.2.1
    "@types/node-fetch": ^2.6.1
    discord-api-types: ^0.29.0
    form-data: ^4.0.0
    node-fetch: ^2.6.7
    tslib: ^2.3.1
  checksum: 93822a9d870d32d52a3a289e703160509a50e89205cc5db651b7a45f524b053d0fa827805e292a64dc1230e43b72a245e502a5d1d937cebd011c82d55cad5aa0
  languageName: node
  linkType: hard

"@sapphire/async-queue@npm:^1.1.9, @sapphire/async-queue@npm:^1.3.1":
  version: 1.3.1
  resolution: "@sapphire/async-queue@npm:1.3.1"
  checksum: 4016010a8b6f2896ce7694eb04c1839b613387cbfb104028a4a1bea471afb1dc4d569b66d3c9770319c47be55035dc786c072c32656d467fc2cded4347055d92
  languageName: node
  linkType: hard

"@sapphire/shapeshift@npm:^2.0.0":
  version: 2.1.0
  resolution: "@sapphire/shapeshift@npm:2.1.0"
  checksum: 74826ed31d26f1d10d2cac8f4736e107947496b7ba8f1b31b79e0e34829f747b236d1ef47e37170ee0166aa4e3e3aaf312323e2742e1e6a67d4b5ec66a90d261
  languageName: node
  linkType: hard

"@sapphire/snowflake@npm:^3.2.1":
  version: 3.2.2
  resolution: "@sapphire/snowflake@npm:3.2.2"
  checksum: 315fecef4738092c2a2f3509b132b811fcbfa6c98d5d45d951adaf3ca21608be69043bcc137cc6933a7c3e55cbdc066daa5bb484603e6575422b335445b59315
  languageName: node
  linkType: hard

"@sindresorhus/is@npm:^4.2.0, @sindresorhus/is@npm:^4.6.0":
  version: 4.6.0
  resolution: "@sindresorhus/is@npm:4.6.0"
  checksum: 83839f13da2c29d55c97abc3bc2c55b250d33a0447554997a85c539e058e57b8da092da396e252b11ec24a0279a0bed1f537fa26302209327060643e327f81d2
  languageName: node
  linkType: hard

"@types/node-fetch@npm:^2.5.12, @types/node-fetch@npm:^2.6.1":
  version: 2.6.1
  resolution: "@types/node-fetch@npm:2.6.1"
  dependencies:
    "@types/node": "*"
    form-data: ^3.0.0
  checksum: a3e5d7f413d1638d795dff03f7b142b1b0e0c109ed210479000ce7b3ea11f9a6d89d9a024c96578d9249570c5fe5287a5f0f4aaba98199222230196ff2d6b283
  languageName: node
  linkType: hard

"@types/node@npm:*":
  version: 17.0.27
  resolution: "@types/node@npm:17.0.27"
  checksum: 6645ca813c24dcb9893729ed6f87a9e415d6df03cb3e1ececa3a03ca845d3324c3808b4dc79c08a4b3c7d1ccd515e6d7e004db9c9123c9333e963675238e39fc
  languageName: node
  linkType: hard

"@types/ws@npm:^8.2.2":
  version: 8.5.3
  resolution: "@types/ws@npm:8.5.3"
  dependencies:
    "@types/node": "*"
  checksum: 0ce46f850d41383fcdc2149bcacc86d7232fa7a233f903d2246dff86e31701a02f8566f40af5f8b56d1834779255c04ec6ec78660fe0f9b2a69cf3d71937e4ae
  languageName: node
  linkType: hard

"asynckit@npm:^0.4.0":
  version: 0.4.0
  resolution: "asynckit@npm:0.4.0"
  checksum: 7b78c451df768adba04e2d02e63e2d0bf3b07adcd6e42b4cf665cb7ce899bedd344c69a1dcbce355b5f972d597b25aaa1c1742b52cffd9caccb22f348114f6be
  languageName: node
  linkType: hard

"combined-stream@npm:^1.0.8":
  version: 1.0.8
  resolution: "combined-stream@npm:1.0.8"
  dependencies:
    delayed-stream: ~1.0.0
  checksum: 49fa4aeb4916567e33ea81d088f6584749fc90c7abec76fd516bf1c5aa5c79f3584b5ba3de6b86d26ddd64bae5329c4c7479343250cfe71c75bb366eae53bb7c
  languageName: node
  linkType: hard

"delayed-stream@npm:~1.0.0":
  version: 1.0.0
  resolution: "delayed-stream@npm:1.0.0"
  checksum: 46fe6e83e2cb1d85ba50bd52803c68be9bd953282fa7096f51fc29edd5d67ff84ff753c51966061e5ba7cb5e47ef6d36a91924eddb7f3f3483b1c560f77a0020
  languageName: node
  linkType: hard

"discord-api-types@npm:^0.26.0":
  version: 0.26.1
  resolution: "discord-api-types@npm:0.26.1"
  checksum: e53bfa7589b24108e6b403dbe213da34c4592f72e2b8fde6800dcb6c703065887ecbd644e1cdf694e4c7796954bc51462ced868f26ec45dc1e0dc4fa8d3c723c
  languageName: node
  linkType: hard

"discord-api-types@npm:^0.29.0":
  version: 0.29.0
  resolution: "discord-api-types@npm:0.29.0"
  checksum: 1ca74693b4e9c611c3de17f604714425d81d537ee81669d040a8c37fb23fb634a6918dd7d21056ccb90a3f4741bc2750509f6c8dd922bf2b3ed544d18bd0f32a
  languageName: node
  linkType: hard

"discord-api-types@npm:^0.31.1":
  version: 0.31.2
  resolution: "discord-api-types@npm:0.31.2"
  checksum: 928d4f57f4c1ace0baf1d3b2c3ab4a4a5107f100217ce889a6e00ad365115fd328a0b922dbc62af6b6ccac9552ffd7ec3d07f4c8820502c5b55d9f2e5382dfba
  languageName: node
  linkType: hard

"discord-api-types@npm:^0.32.0":
  version: 0.32.0
  resolution: "discord-api-types@npm:0.32.0"
  checksum: c1158476de9b41a287b6324cc0d4abe082750a475015533d6535cd50e79e9dfa8de13f60596241427c780dc436edcd2d2d673b2c093d9e73ff0e473e5d38194b
  languageName: node
  linkType: hard

"discord.js@npm:^13.6.0":
  version: 13.6.0
  resolution: "discord.js@npm:13.6.0"
  dependencies:
    "@discordjs/builders": ^0.11.0
    "@discordjs/collection": ^0.4.0
    "@sapphire/async-queue": ^1.1.9
    "@types/node-fetch": ^2.5.12
    "@types/ws": ^8.2.2
    discord-api-types: ^0.26.0
    form-data: ^4.0.0
    node-fetch: ^2.6.1
    ws: ^8.4.0
  checksum: 59c1297fbebf9b25c90ea125808bc9177c134fd7c481f82ace636ab88cfdc90bc6ec777c844d375d26231fc1664a67e80a1aad2aed484b808e4cd7d55cc1d9e3
  languageName: node
  linkType: hard

"fast-deep-equal@npm:^3.1.3":
  version: 3.1.3
  resolution: "fast-deep-equal@npm:3.1.3"
  checksum: e21a9d8d84f53493b6aa15efc9cfd53dd5b714a1f23f67fb5dc8f574af80df889b3bce25dc081887c6d25457cce704e636395333abad896ccdec03abaf1f3f9d
  languageName: node
  linkType: hard

"form-data@npm:^3.0.0":
  version: 3.0.1
  resolution: "form-data@npm:3.0.1"
  dependencies:
    asynckit: ^0.4.0
    combined-stream: ^1.0.8
    mime-types: ^2.1.12
  checksum: b019e8d35c8afc14a2bd8a7a92fa4f525a4726b6d5a9740e8d2623c30e308fbb58dc8469f90415a856698933c8479b01646a9dff33c87cc4e76d72aedbbf860d
  languageName: node
  linkType: hard

"form-data@npm:^4.0.0":
  version: 4.0.0
  resolution: "form-data@npm:4.0.0"
  dependencies:
    asynckit: ^0.4.0
    combined-stream: ^1.0.8
    mime-types: ^2.1.12
  checksum: 01135bf8675f9d5c61ff18e2e2932f719ca4de964e3be90ef4c36aacfc7b9cb2fceb5eca0b7e0190e3383fe51c5b37f4cb80b62ca06a99aaabfcfd6ac7c9328c
  languageName: node
  linkType: hard

"mime-db@npm:1.52.0":
  version: 1.52.0
  resolution: "mime-db@npm:1.52.0"
  checksum: 0d99a03585f8b39d68182803b12ac601d9c01abfa28ec56204fa330bc9f3d1c5e14beb049bafadb3dbdf646dfb94b87e24d4ec7b31b7279ef906a8ea9b6a513f
  languageName: node
  linkType: hard

"mime-types@npm:^2.1.12":
  version: 2.1.35
  resolution: "mime-types@npm:2.1.35"
  dependencies:
    mime-db: 1.52.0
  checksum: 89a5b7f1def9f3af5dad6496c5ed50191ae4331cc5389d7c521c8ad28d5fdad2d06fd81baf38fed813dc4e46bb55c8145bb0ff406330818c9cf712fb2e9b3836
  languageName: node
  linkType: hard

"node-fetch@npm:^2.6.1, node-fetch@npm:^2.6.7":
  version: 2.6.7
  resolution: "node-fetch@npm:2.6.7"
  dependencies:
    whatwg-url: ^5.0.0
  peerDependencies:
    encoding: ^0.1.0
  peerDependenciesMeta:
    encoding:
      optional: true
  checksum: 8d816ffd1ee22cab8301c7756ef04f3437f18dace86a1dae22cf81db8ef29c0bf6655f3215cb0cdb22b420b6fe141e64b26905e7f33f9377a7fa59135ea3e10b
  languageName: node
  linkType: hard

"sparks@workspace:.":
  version: 0.0.0-use.local
  resolution: "sparks@workspace:."
  dependencies:
    "@discordjs/builders": ^0.13.0
    "@discordjs/rest": ^0.4.1
    discord-api-types: ^0.32.0
    discord.js: ^13.6.0
  languageName: unknown
  linkType: soft

"tr46@npm:~0.0.3":
  version: 0.0.3
  resolution: "tr46@npm:0.0.3"
  checksum: 726321c5eaf41b5002e17ffbd1fb7245999a073e8979085dacd47c4b4e8068ff5777142fc6726d6ca1fd2ff16921b48788b87225cbc57c72636f6efa8efbffe3
  languageName: node
  linkType: hard

"ts-mixer@npm:^6.0.0, ts-mixer@npm:^6.0.1":
  version: 6.0.1
  resolution: "ts-mixer@npm:6.0.1"
  checksum: 7050f6e85a24155d18cecdcc0a098d1038991cc498317fcffa9d7a8654c776d417fb97e65de1ce8e7ed54ef4814abd8057d0efb9c3b24e9cc78ac3c0f48bbf53
  languageName: node
  linkType: hard

"tslib@npm:^2.3.1":
  version: 2.4.0
  resolution: "tslib@npm:2.4.0"
  checksum: 8c4aa6a3c5a754bf76aefc38026134180c053b7bd2f81338cb5e5ebf96fefa0f417bff221592bf801077f5bf990562f6264fecbc42cd3309b33872cb6fc3b113
  languageName: node
  linkType: hard

"webidl-conversions@npm:^3.0.0":
  version: 3.0.1
  resolution: "webidl-conversions@npm:3.0.1"
  checksum: c92a0a6ab95314bde9c32e1d0a6dfac83b578f8fa5f21e675bc2706ed6981bc26b7eb7e6a1fab158e5ce4adf9caa4a0aee49a52505d4d13c7be545f15021b17c
  languageName: node
  linkType: hard

"whatwg-url@npm:^5.0.0":
  version: 5.0.0
  resolution: "whatwg-url@npm:5.0.0"
  dependencies:
    tr46: ~0.0.3
    webidl-conversions: ^3.0.0
  checksum: b8daed4ad3356cc4899048a15b2c143a9aed0dfae1f611ebd55073310c7b910f522ad75d727346ad64203d7e6c79ef25eafd465f4d12775ca44b90fa82ed9e2c
  languageName: node
  linkType: hard

"ws@npm:^8.4.0":
  version: 8.5.0
  resolution: "ws@npm:8.5.0"
  peerDependencies:
    bufferutil: ^4.0.1
    utf-8-validate: ^5.0.2
  peerDependenciesMeta:
    bufferutil:
      optional: true
    utf-8-validate:
      optional: true
  checksum: 76f2f90e40344bf18fd544194e7067812fb1372b2a37865678d8f12afe4b478ff2ebc0c7c0aff82cd5e6b66fc43d889eec0f1865c2365d8f7a66d92da7744a77
  languageName: node
  linkType: hard

"zod@npm:^3.11.6":
  version: 3.14.4
  resolution: "zod@npm:3.14.4"
  checksum: 30e75dc1e4e1d6ce5695750d1906b6b918779b8aa446f5db77eb2b8344d08f29344b5d0115034a9e695fd5a627d23c5c03d67efe58fe16fbb91dee9dc08761bc
  languageName: node
  linkType: hard
